
Microsoft Visual Studio Solution File, Format Version 12.00
# Visual Studio 15
VisualStudioVersion = 15.0.28307.1500
MinimumVisualStudioVersion = 10.0.40219.1
Project("{FAE04EC0-301F-11D3-BF4B-00C04F79EFBC}") = "Uri_1048", "Uri_1048\Uri_1048.csproj", "{26B6BBAF-0F83-493E-9823-C8350373C2EA}"
EndProject
Global
	GlobalSection(SolutionConfigurationPlatforms) = preSolution
		Debug|Any CPU = Debug|Any CPU
		Release|Any CPU = Release|Any CPU
	EndGlobalSection
	GlobalSection(ProjectConfigurationPlatforms) = postSolution
		{26B6BBAF-0F83-493E-9823-C8350373C2EA}.Debug|Any CPU.ActiveCfg = Debug|Any CPU
		{26B6BBAF-0F83-493E-9823-C8350373C2EA}.Debug|Any CPU.Build.0 = Debug|Any CPU
		{26B6BBAF-0F83-493E-9823-C8350373C2EA}.Release|Any CPU.ActiveCfg = Release|Any CPU
		{26B6BBAF-0F83-493E-9823-C8350373C2EA}.Release|Any CPU.Build.0 = Release|Any CPU
	EndGlobalSection
	GlobalSection(SolutionProperties) = preSolution
		HideSolutionNode = FALSE
	EndGlobalSection
	GlobalSection(ExtensibilityGlobals) = postSolution
		SolutionGuid = {E275DBE3-106C-4AB5-BA95-4A9E2B994AEE}
	EndGlobalSection
EndGlobal
